
Microsoft Visual Studio Solution File, Format Version 12.00
# Visual Studio Version 17
VisualStudioVersion = 17.0.31512.422
MinimumVisualStudioVersion = 10.0.40219.1
Project("{9A19103F-16F7-4668-BE54-9A1E7A4F7556}") = "Telegram.Bot.SCL.InlineQueries", "Telegram.Bot.SCL.InlineQueries\Telegram.Bot.SCL.InlineQueries.csproj", "{14A57C80-4556-4338-9FC2-FFF3E6545A06}"
EndProject
Project("{9A19103F-16F7-4668-BE54-9A1E7A4F7556}") = "Telegram.Bot.SCL.Polling", "Telegram.Bot.SCL.Polling\Telegram.Bot.SCL.Polling.csproj", "{47952B39-7468-498F-B9E6-97D036D8FBE4}"
EndProject
Project("{FAE04EC0-301F-11D3-BF4B-00C04F79EFBC}") = "Telegram.Bot.SCL.Auth", "Telegram.Bot.SCL.Auth\Telegram.Bot.SCL.Auth.csproj", "{5D756A10-22E3-4E1A-B361-6F0192459CA9}"
EndProject
Global
	GlobalSection(SolutionConfigurationPlatforms) = preSolution
		Debug|Any CPU = Debug|Any CPU
		Release|Any CPU = Release|Any CPU
	EndGlobalSection
	GlobalSection(ProjectConfigurationPlatforms) = postSolution
		{14A57C80-4556-4338-9FC2-FFF3E6545A06}.Debug|Any CPU.ActiveCfg = Debug|Any CPU
		{14A57C80-4556-4338-9FC2-FFF3E6545A06}.Debug|Any CPU.Build.0 = Debug|Any CPU
		{14A57C80-4556-4338-9FC2-FFF3E6545A06}.Release|Any CPU.ActiveCfg = Release|Any CPU
		{14A57C80-4556-4338-9FC2-FFF3E6545A06}.Release|Any CPU.Build.0 = Release|Any CPU
		{47952B39-7468-498F-B9E6-97D036D8FBE4}.Debug|Any CPU.ActiveCfg = Debug|Any CPU
		{47952B39-7468-498F-B9E6-97D036D8FBE4}.Debug|Any CPU.Build.0 = Debug|Any CPU
		{47952B39-7468-498F-B9E6-97D036D8FBE4}.Release|Any CPU.ActiveCfg = Release|Any CPU
		{47952B39-7468-498F-B9E6-97D036D8FBE4}.Release|Any CPU.Build.0 = Release|Any CPU
		{5D756A10-22E3-4E1A-B361-6F0192459CA9}.Debug|Any CPU.ActiveCfg = Debug|Any CPU
		{5D756A10-22E3-4E1A-B361-6F0192459CA9}.Debug|Any CPU.Build.0 = Debug|Any CPU
		{5D756A10-22E3-4E1A-B361-6F0192459CA9}.Release|Any CPU.ActiveCfg = Release|Any CPU
		{5D756A10-22E3-4E1A-B361-6F0192459CA9}.Release|Any CPU.Build.0 = Release|Any CPU
	EndGlobalSection
	GlobalSection(SolutionProperties) = preSolution
		HideSolutionNode = FALSE
	EndGlobalSection
	GlobalSection(ExtensibilityGlobals) = postSolution
		SolutionGuid = {46479B38-C4E4-4C65-B1DE-B5DC008714FC}
	EndGlobalSection
EndGlobal
